
Microsoft Visual Studio Solution File, Format Version 12.00
# Visual Studio Version 17
VisualStudioVersion = 17.9.34616.47
MinimumVisualStudioVersion = 10.0.40219.1
Project("{8BC9CEB8-8B4A-11D0-8D11-00A0C91BC942}") = "member initialization", "member initialization\member initialization.vcxproj", "{565E4C11-9006-47D4-B1CA-BBFBF8243928}"
EndProject
Project("{8BC9CEB8-8B4A-11D0-8D11-00A0C91BC942}") = "komposisi", "komposisi\komposisi.vcxproj", "{F841D1BC-7F7A-484E-AF81-A23038510A98}"
EndProject
Project("{8BC9CEB8-8B4A-11D0-8D11-00A0C91BC942}") = "agredasi", "agredasi\agredasi.vcxproj", "{047C0D2D-A16B-41DC-9417-3765B37E3C8B}"
EndProject
Project("{8BC9CEB8-8B4A-11D0-8D11-00A0C91BC942}") = "asosiasi", "asosiasi\asosiasi.vcxproj", "{749F1E45-DD1F-45AF-A777-78A496849CDC}"
EndProject
Project("{8BC9CEB8-8B4A-11D0-8D11-00A0C91BC942}") = "Inheritance", "Inheritance\Inheritance.vcxproj", "{A6D27E16-DC52-4DE5-B004-BE349AC3BB3A}"
EndProject
Global
	GlobalSection(SolutionConfigurationPlatforms) = preSolution
		Debug|x64 = Debug|x64
		Debug|x86 = Debug|x86
		Release|x64 = Release|x64
		Release|x86 = Release|x86
	EndGlobalSection
	GlobalSection(ProjectConfigurationPlatforms) = postSolution
		{565E4C11-9006-47D4-B1CA-BBFBF8243928}.Debug|x64.ActiveCfg = Debug|x64
		{565E4C11-9006-47D4-B1CA-BBFBF8243928}.Debug|x64.Build.0 = Debug|x64
		{565E4C11-9006-47D4-B1CA-BBFBF8243928}.Debug|x86.ActiveCfg = Debug|Win32
		{565E4C11-9006-47D4-B1CA-BBFBF8243928}.Debug|x86.Build.0 = Debug|Win32
		{565E4C11-9006-47D4-B1CA-BBFBF8243928}.Release|x64.ActiveCfg = Release|x64
		{565E4C11-9006-47D4-B1CA-BBFBF8243928}.Release|x64.Build.0 = Release|x64
		{565E4C11-9006-47D4-B1CA-BBFBF8243928}.Release|x86.ActiveCfg = Release|Win32
		{565E4C11-9006-47D4-B1CA-BBFBF8243928}.Release|x86.Build.0 = Release|Win32
		{F841D1BC-7F7A-484E-AF81-A23038510A98}.Debug|x64.ActiveCfg = Debug|x64
		{F841D1BC-7F7A-484E-AF81-A23038510A98}.Debug|x64.Build.0 = Debug|x64
		{F841D1BC-7F7A-484E-AF81-A23038510A98}.Debug|x86.ActiveCfg = Debug|Win32
		{F841D1BC-7F7A-484E-AF81-A23038510A98}.Debug|x86.Build.0 = Debug|Win32
		{F841D1BC-7F7A-484E-AF81-A23038510A98}.Release|x64.ActiveCfg = Release|x64
		{F841D1BC-7F7A-484E-AF81-A23038510A98}.Release|x64.Build.0 = Release|x64
		{F841D1BC-7F7A-484E-AF81-A23038510A98}.Release|x86.ActiveCfg = Release|Win32
		{F841D1BC-7F7A-484E-AF81-A23038510A98}.Release|x86.Build.0 = Release|Win32
		{047C0D2D-A16B-41DC-9417-3765B37E3C8B}.Debug|x64.ActiveCfg = Debug|x64
		{047C0D2D-A16B-41DC-9417-3765B37E3C8B}.Debug|x64.Build.0 = Debug|x64
		{047C0D2D-A16B-41DC-9417-3765B37E3C8B}.Debug|x86.ActiveCfg = Debug|Win32
		{047C0D2D-A16B-41DC-9417-3765B37E3C8B}.Debug|x86.Build.0 = Debug|Win32
		{047C0D2D-A16B-41DC-9417-3765B37E3C8B}.Release|x64.ActiveCfg = Release|x64
		{047C0D2D-A16B-41DC-9417-3765B37E3C8B}.Release|x64.Build.0 = Release|x64
		{047C0D2D-A16B-41DC-9417-3765B37E3C8B}.Release|x86.ActiveCfg = Release|Win32
		{047C0D2D-A16B-41DC-9417-3765B37E3C8B}.Release|x86.Build.0 = Release|Win32
		{749F1E45-DD1F-45AF-A777-78A496849CDC}.Debug|x64.ActiveCfg = Debug|x64
		{749F1E45-DD1F-45AF-A777-78A496849CDC}.Debug|x64.Build.0 = Debug|x64
		{749F1E45-DD1F-45AF-A777-78A496849CDC}.Debug|x86.ActiveCfg = Debug|Win32
		{749F1E45-DD1F-45AF-A777-78A496849CDC}.Debug|x86.Build.0 = Debug|Win32
		{749F1E45-DD1F-45AF-A777-78A496849CDC}.Release|x64.ActiveCfg = Release|x64
		{749F1E45-DD1F-45AF-A777-78A496849CDC}.Release|x64.Build.0 = Release|x64
		{749F1E45-DD1F-45AF-A777-78A496849CDC}.Release|x86.ActiveCfg = Release|Win32
		{749F1E45-DD1F-45AF-A777-78A496849CDC}.Release|x86.Build.0 = Release|Win32
		{A6D27E16-DC52-4DE5-B004-BE349AC3BB3A}.Debug|x64.ActiveCfg = Debug|x64
		{A6D27E16-DC52-4DE5-B004-BE349AC3BB3A}.Debug|x64.Build.0 = Debug|x64
		{A6D27E16-DC52-4DE5-B004-BE349AC3BB3A}.Debug|x86.ActiveCfg = Debug|Win32
		{A6D27E16-DC52-4DE5-B004-BE349AC3BB3A}.Debug|x86.Build.0 = Debug|Win32
		{A6D27E16-DC52-4DE5-B004-BE349AC3BB3A}.Release|x64.ActiveCfg = Release|x64
		{A6D27E16-DC52-4DE5-B004-BE349AC3BB3A}.Release|x64.Build.0 = Release|x64
		{A6D27E16-DC52-4DE5-B004-BE349AC3BB3A}.Release|x86.ActiveCfg = Release|Win32
		{A6D27E16-DC52-4DE5-B004-BE349AC3BB3A}.Release|x86.Build.0 = Release|Win32
	EndGlobalSection
	GlobalSection(SolutionProperties) = preSolution
		HideSolutionNode = FALSE
	EndGlobalSection
	GlobalSection(ExtensibilityGlobals) = postSolution
		SolutionGuid = {EEE26039-2391-4A2F-8F4C-7E32AA246CEA}
	EndGlobalSection
EndGlobal
